<?xml version="1.0" encoding="utf-8"?>
<Project ToolsVersion="4.0" xmlns="http://schemas.microsoft.com/developer/msbuild/2003">
  <ItemGroup>
    <Filter Include="Source Files">
      <UniqueIdentifier>{4FC737F1-C7A5-4376-A066-2A32D752A2FF}</UniqueIdentifier>
      <Extensions>cpp;c;cc;cxx;c++;cppm;ixx;def;odl;idl;hpj;bat;asm;asmx</Extensions>
    </Filter>
    <Filter Include="Header Files">
      <UniqueIdentifier>{93995380-89BD-4b04-88EB-625FBE52EBFB}</UniqueIdentifier>
      <Extensions>h;hh;hpp;hxx;h++;hm;inl;inc;ipp;xsd</Extensions>
    </Filter>
    <Filter Include="Resource Files">
      <UniqueIdentifier>{67DA6AB6-F800-4c08-8B7A-83BB121AAD01}</UniqueIdentifier>
      <Extensions>rc;ico;cur;bmp;dlg;rc2;rct;bin;rgs;gif;jpg;jpeg;jpe;resx;tiff;tif;png;wav;mfcribbon-ms</Extensions>
    </Filter>
    <Filter Include="Resource Files\SimpleNoise">
      <UniqueIdentifier>{96ddd4dd-e7b7-4ec7-9231-6d080fd30ad5}</UniqueIdentifier>
    </Filter>
  </ItemGroup>
  <ItemGroup>
    <ClCompile Include="Source Files\Dirt.cpp">
      <Filter>Source Files</Filter>
    </ClCompile>
    <ClCompile Include="Source Files\Item.cpp">
      <Filter>Source Files</Filter>
    </ClCompile>
    <ClCompile Include="Source Files\Manager.cpp">
      <Filter>Source Files</Filter>
    </ClCompile>
    <ClCompile Include="Source Files\Player.cpp">
      <Filter>Source Files</Filter>
    </ClCompile>
    <ClCompile Include="Source Files\main.cpp">
      <Filter>Source Files</Filter>
    </ClCompile>
    <ClCompile Include="Source Files\Inventory.cpp">
      <Filter>Source Files</Filter>
    </ClCompile>
    <ClCompile Include="Source Files\World.cpp">
      <Filter>Source Files</Filter>
    </ClCompile>
    <ClCompile Include="SimpleNoise\SimplexNoise.cpp">
      <Filter>Resource Files\SimpleNoise</Filter>
    </ClCompile>
    <ClCompile Include="Source Files\Bow.cpp">
      <Filter>Source Files</Filter>
    </ClCompile>
    <ClCompile Include="Source Files\Sword.cpp">
      <Filter>Source Files</Filter>
    </ClCompile>
  </ItemGroup>
  <ItemGroup>
    <ClInclude Include="Header files\Defs.h">
      <Filter>Header Files</Filter>
    </ClInclude>
    <ClInclude Include="Header files\Dirt.h">
      <Filter>Header Files</Filter>
    </ClInclude>
    <ClInclude Include="Header files\Item.h">
      <Filter>Header Files</Filter>
    </ClInclude>
    <ClInclude Include="Header files\Manager.h">
      <Filter>Header Files</Filter>
    </ClInclude>
    <ClInclude Include="Header files\Player.h">
      <Filter>Header Files</Filter>
    </ClInclude>
    <ClInclude Include="Header files\Inventory.h">
      <Filter>Header Files</Filter>
    </ClInclude>
    <ClInclude Include="Header files\World.h">
      <Filter>Header Files</Filter>
    </ClInclude>
    <ClInclude Include="SimpleNoise\SimplexNoise.h">
      <Filter>Resource Files\SimpleNoise</Filter>
    </ClInclude>
    <ClInclude Include="Header files\Bow.h">
      <Filter>Header Files</Filter>
    </ClInclude>
    <ClInclude Include="Header files\Sword.h">
      <Filter>Header Files</Filter>
    </ClInclude>
  </ItemGroup>
</Project>